<?xml version="1.0" encoding="utf-8"?>
<Project ToolsVersion="4.0" xmlns="http://schemas.microsoft.com/developer/msbuild/2003">
  <ItemGroup>
    <Filter Include="소스 파일">
      <UniqueIdentifier>{4FC737F1-C7A5-4376-A066-2A32D752A2FF}</UniqueIdentifier>
      <Extensions>cpp;c;cc;cxx;c++;cppm;ixx;def;odl;idl;hpj;bat;asm;asmx</Extensions>
    </Filter>
    <Filter Include="헤더 파일">
      <UniqueIdentifier>{93995380-89BD-4b04-88EB-625FBE52EBFB}</UniqueIdentifier>
      <Extensions>h;hh;hpp;hxx;h++;hm;inl;inc;ipp;xsd</Extensions>
    </Filter>
    <Filter Include="리소스 파일">
      <UniqueIdentifier>{67DA6AB6-F800-4c08-8B7A-83BB121AAD01}</UniqueIdentifier>
      <Extensions>rc;ico;cur;bmp;dlg;rc2;rct;bin;rgs;gif;jpg;jpeg;jpe;resx;tiff;tif;png;wav;mfcribbon-ms</Extensions>
    </Filter>
    <Filter Include="Lesson">
      <UniqueIdentifier>{7b60ac1f-ad6b-4c98-adcc-0f94c490262e}</UniqueIdentifier>
    </Filter>
    <Filter Include="Lesson\01. 프로젝트 생성 + 입출력">
      <UniqueIdentifier>{882bda87-7842-4b0a-aaeb-6d75bd000eec}</UniqueIdentifier>
    </Filter>
    <Filter Include="Lesson\02. 자료형 + 변수 + 난수">
      <UniqueIdentifier>{c8616423-cd66-4e1c-8a45-0d5e88bba0a5}</UniqueIdentifier>
    </Filter>
    <Filter Include="Lesson\03. 연산자 + 반복문">
      <UniqueIdentifier>{74cf89e6-40fe-40eb-b152-113cc4bbf6af}</UniqueIdentifier>
    </Filter>
    <Filter Include="Lesson\04. 조건문">
      <UniqueIdentifier>{9e9a7279-6898-475f-b121-5da8e3c2fa86}</UniqueIdentifier>
    </Filter>
    <Filter Include="Lesson\05. 함수 + 변/상수 + 전처리기">
      <UniqueIdentifier>{d90d2289-657f-4d04-be1d-2534f78c2ff0}</UniqueIdentifier>
    </Filter>
    <Filter Include="Lesson\06. 배열">
      <UniqueIdentifier>{efc4d540-6d18-4cf0-aa52-b6fa591add4f}</UniqueIdentifier>
    </Filter>
    <Filter Include="Lesson\07. 문자열 + 함수오버로딩">
      <UniqueIdentifier>{abd827d8-82c4-448f-b328-3d9a88b21597}</UniqueIdentifier>
    </Filter>
    <Filter Include="Lesson\08. 사용자 정의 자료형">
      <UniqueIdentifier>{67ac4ba8-d8e8-49b6-b944-f69edb648b55}</UniqueIdentifier>
    </Filter>
    <Filter Include="Lesson\09. 포인터">
      <UniqueIdentifier>{d09cd1cb-4995-44e1-aad7-58a050211be7}</UniqueIdentifier>
    </Filter>
    <Filter Include="Lesson\10. 클래스">
      <UniqueIdentifier>{bcff9bbd-f8b5-479d-92cd-e451c39af287}</UniqueIdentifier>
    </Filter>
  </ItemGroup>
  <ItemGroup>
    <ClCompile Include="240716.cpp">
      <Filter>Lesson\01. 프로젝트 생성 + 입출력</Filter>
    </ClCompile>
    <ClCompile Include="main_2.cpp">
      <Filter>Lesson\01. 프로젝트 생성 + 입출력</Filter>
    </ClCompile>
    <ClCompile Include="240717.cpp">
      <Filter>Lesson\02. 자료형 + 변수 + 난수</Filter>
    </ClCompile>
    <ClCompile Include="240718.cpp">
      <Filter>Lesson\03. 연산자 + 반복문</Filter>
    </ClCompile>
    <ClCompile Include="240719.cpp">
      <Filter>Lesson\04. 조건문</Filter>
    </ClCompile>
    <ClCompile Include="Example_B.cpp">
      <Filter>Lesson\04. 조건문</Filter>
    </ClCompile>
    <ClCompile Include="240722_함수.cpp">
      <Filter>Lesson\05. 함수 + 변/상수 + 전처리기</Filter>
    </ClCompile>
    <ClCompile Include="240722_변상수.cpp">
      <Filter>Lesson\05. 함수 + 변/상수 + 전처리기</Filter>
    </ClCompile>
    <ClCompile Include="모르는 용어.cpp">
      <Filter>소스 파일</Filter>
    </ClCompile>
    <ClCompile Include="240723_배열.cpp">
      <Filter>Lesson\06. 배열</Filter>
    </ClCompile>
    <ClCompile Include="240724_문자열.cpp">
      <Filter>Lesson\07. 문자열 + 함수오버로딩</Filter>
    </ClCompile>
    <ClCompile Include="240724_함수오버로딩.cpp">
      <Filter>Lesson\07. 문자열 + 함수오버로딩</Filter>
    </ClCompile>
    <ClCompile Include="240725_enum + enumclass.cpp">
      <Filter>Lesson\08. 사용자 정의 자료형</Filter>
    </ClCompile>
    <ClCompile Include="240725_구조체.cpp">
      <Filter>Lesson\08. 사용자 정의 자료형</Filter>
    </ClCompile>
    <ClCompile Include="240801_포인터.cpp">
      <Filter>Lesson\09. 포인터</Filter>
    </ClCompile>
    <ClCompile Include="240801_포인터배열.cpp">
      <Filter>Lesson\09. 포인터</Filter>
    </ClCompile>
    <ClCompile Include="240802_클래스.cpp">
      <Filter>Lesson\10. 클래스</Filter>
    </ClCompile>
    <ClCompile Include="240802_생성자.cpp">
      <Filter>Lesson\10. 클래스</Filter>
    </ClCompile>
    <ClCompile Include="240802_소멸자.cpp">
      <Filter>Lesson\10. 클래스</Filter>
    </ClCompile>
    <ClCompile Include="240802_접근자설정자.cpp">
      <Filter>Lesson\10. 클래스</Filter>
    </ClCompile>
  </ItemGroup>
  <ItemGroup>
    <ClInclude Include="maingame.h">
      <Filter>헤더 파일</Filter>
    </ClInclude>
  </ItemGroup>
</Project>